
Microsoft Visual Studio Solution File, Format Version 12.00
# Visual Studio 2013
VisualStudioVersion = 12.0.30110.0
MinimumVisualStudioVersion = 10.0.40219.1
Project("{8BC9CEB8-8B4A-11D0-8D11-00A0C91BC942}") = "Homework 4", "Homework 4.vcxproj", "{E2C04616-6A28-45EE-A24C-4628D3D918E9}"
EndProject
Global
	GlobalSection(SolutionConfigurationPlatforms) = preSolution
		Debug|Win32 = Debug|Win32
		Release|Win32 = Release|Win32
	EndGlobalSection
	GlobalSection(ProjectConfigurationPlatforms) = postSolution
		{E2C04616-6A28-45EE-A24C-4628D3D918E9}.Debug|Win32.ActiveCfg = Debug|Win32
		{E2C04616-6A28-45EE-A24C-4628D3D918E9}.Debug|Win32.Build.0 = Debug|Win32
		{E2C04616-6A28-45EE-A24C-4628D3D918E9}.Release|Win32.ActiveCfg = Release|Win32
		{E2C04616-6A28-45EE-A24C-4628D3D918E9}.Release|Win32.Build.0 = Release|Win32
	EndGlobalSection
	GlobalSection(SolutionProperties) = preSolution
		HideSolutionNode = FALSE
	EndGlobalSection
EndGlobal
